{
  "lockfileVersion": 1,
  "workspaces": {
    "": {
      "name": "@nuvix/db",
      "dependencies": {
        "pino": "^9.7.0",
        "zod": "^4.0.14",
      },
      "devDependencies": {
        "@nuvix/cache": "^1.0.3-alpha.1",
        "@types/node": "^24.1.0",
        "@types/pg": "^8.15.5",
        "pg": "^8.16.3",
        "prettier": "^3.6.2",
        "typescript": "^5.8.3",
      },
    },
  },
  "packages": {
    "@ioredis/commands": ["@ioredis/commands@1.3.0", "", {}, "sha512-M/T6Zewn7sDaBQEqIZ8Rb+i9y8qfGmq+5SDFSf9sA2lUZTmdDLVdOiQaeDp+Q4wElZ9HG1GAX5KhDaidp6LQsQ=="],

    "@nuvix/cache": ["@nuvix/cache@1.0.3-alpha.1", "", { "dependencies": { "ioredis": "^5.6.0" }, "peerDependencies": { "@nuvix/telemetry": "^1.0.1" } }, "sha512-voH/sKDmYZx4i7kdatjBF1BoIjsp/jznekHb2AkF5QeMof9RSJFM0tTtiKZtjkeBItYTZ3WXEKiVYUC74o4ANA=="],

    "@nuvix/telemetry": ["@nuvix/telemetry@1.0.1", "", { "dependencies": { "@opentelemetry/api": "^1.9.0", "@opentelemetry/exporter-otlp-http": "^0.26.0", "@opentelemetry/sdk-metrics": "^2.0.1" } }, "sha512-iEuWa0LrdrfbuwTubrZZVmxsYI6SRJUABTHqXGYUQiSooQ7IKLXNMfkNndsdObcg6PUAKZh7T+m+eeTNHgqqwQ=="],

    "@opentelemetry/api": ["@opentelemetry/api@1.9.0", "", {}, "sha512-3giAOQvZiH5F9bMlMiv8+GSPMeqg0dbaeo58/0SlA9sxSqZhnUtxzX9/2FzyhS9sWQf5S0GJE0AKBrFqjpeYcg=="],

    "@opentelemetry/api-metrics": ["@opentelemetry/api-metrics@0.26.0", "", { "peerDependencies": { "@opentelemetry/api": "^1.0.2" } }, "sha512-idDSUTx+LRwJiHhVHhdh45SWow5u9lKNDROKu5AMzsIVPI29utH5FfT9vor8qMM6blxWWvlT22HUNdNMWqUQfQ=="],

    "@opentelemetry/core": ["@opentelemetry/core@1.0.0", "", { "dependencies": { "@opentelemetry/semantic-conventions": "1.0.0", "semver": "^7.3.5" }, "peerDependencies": { "@opentelemetry/api": "^1.0.2" } }, "sha512-1+qvKilADnSFW4PiXy+f7D22pvfGVxepZ69GcbF8cTcbQTUt7w63xEBWn5f5j92x9I3c0sqbW1RUx5/a4wgzxA=="],

    "@opentelemetry/exporter-otlp-http": ["@opentelemetry/exporter-otlp-http@0.26.0", "", { "dependencies": { "@opentelemetry/api-metrics": "0.26.0", "@opentelemetry/core": "1.0.0", "@opentelemetry/resources": "1.0.0", "@opentelemetry/sdk-metrics-base": "0.26.0", "@opentelemetry/sdk-trace-base": "1.0.0" }, "peerDependencies": { "@opentelemetry/api": "^1.0.2" } }, "sha512-V3FcUEIVDZ66b3/6vjSBjwwozf/XV5eUXuELNzN8PAvGZH4mw36vaWlaxnGEV8HaZb2hbu2KbRpcOzqxx3tFDA=="],

    "@opentelemetry/resources": ["@opentelemetry/resources@1.0.0", "", { "dependencies": { "@opentelemetry/core": "1.0.0", "@opentelemetry/semantic-conventions": "1.0.0" }, "peerDependencies": { "@opentelemetry/api": "^1.0.2" } }, "sha512-ORP8F2LLcJEm5M3H24RmdlMdiDc70ySPushpkrAW34KZGdZXwkrFoFXZhhs5MUxPT+fLrTuBafXxZVr8eHtFuQ=="],

    "@opentelemetry/sdk-metrics": ["@opentelemetry/sdk-metrics@2.0.1", "", { "dependencies": { "@opentelemetry/core": "2.0.1", "@opentelemetry/resources": "2.0.1" }, "peerDependencies": { "@opentelemetry/api": ">=1.9.0 <1.10.0" } }, "sha512-wf8OaJoSnujMAHWR3g+/hGvNcsC16rf9s1So4JlMiFaFHiE4HpIA3oUh+uWZQ7CNuK8gVW/pQSkgoa5HkkOl0g=="],

    "@opentelemetry/sdk-metrics-base": ["@opentelemetry/sdk-metrics-base@0.26.0", "", { "dependencies": { "@opentelemetry/api-metrics": "0.26.0", "@opentelemetry/core": "1.0.0", "@opentelemetry/resources": "1.0.0", "lodash.merge": "^4.6.2" }, "peerDependencies": { "@opentelemetry/api": "^1.0.2" } }, "sha512-PbJsso7Vy/CLATAOyXbt/VP7ZQ2QYnvlq28lhOWaLPw8aqLogMBvidNGRrt7rF4/hfzLT6pMgpAAcit2C/nUMA=="],

    "@opentelemetry/sdk-trace-base": ["@opentelemetry/sdk-trace-base@1.0.0", "", { "dependencies": { "@opentelemetry/core": "1.0.0", "@opentelemetry/resources": "1.0.0", "@opentelemetry/semantic-conventions": "1.0.0", "lodash.merge": "^4.6.2" }, "peerDependencies": { "@opentelemetry/api": "^1.0.2" } }, "sha512-/rXoyQlDlJTJ4SOVAbP0Gpj89B8oZ2hJApYG2Dq5klkgFAtDifN8271TIzwtM8/ET8HUhgx9eyoUJi42LhIesg=="],

    "@opentelemetry/semantic-conventions": ["@opentelemetry/semantic-conventions@1.0.0", "", {}, "sha512-XCZ6ZSmc8FOspxKUU+Ow9UtJeSSRcS5rFBYGpjzix02U2v+X9ofjOjgNRnpvxlSvkccYIhdTuwcvNskmZ46SeA=="],

    "@types/node": ["@types/node@24.1.0", "", { "dependencies": { "undici-types": "~7.8.0" } }, "sha512-ut5FthK5moxFKH2T1CUOC6ctR67rQRvvHdFLCD2Ql6KXmMuCrjsSsRI9UsLCm9M18BMwClv4pn327UvB7eeO1w=="],

    "@types/pg": ["@types/pg@8.15.5", "", { "dependencies": { "@types/node": "*", "pg-protocol": "*", "pg-types": "^2.2.0" } }, "sha512-LF7lF6zWEKxuT3/OR8wAZGzkg4ENGXFNyiV/JeOt9z5B+0ZVwbql9McqX5c/WStFq1GaGso7H1AzP/qSzmlCKQ=="],

    "atomic-sleep": ["atomic-sleep@1.0.0", "", {}, "sha512-kNOjDqAh7px0XWNI+4QbzoiR/nTkHAWNud2uvnJquD1/x5a7EQZMJT0AczqK0Qn67oY/TTQ1LbUKajZpp3I9tQ=="],

    "cluster-key-slot": ["cluster-key-slot@1.1.2", "", {}, "sha512-RMr0FhtfXemyinomL4hrWcYJxmX6deFdCxpJzhDttxgO1+bcCnkk+9drydLVDmAMG7NE6aN/fl4F7ucU/90gAA=="],

    "debug": ["debug@4.4.1", "", { "dependencies": { "ms": "^2.1.3" } }, "sha512-KcKCqiftBJcZr++7ykoDIEwSa3XWowTfNPo92BYxjXiyYEVrUQh2aLyhxBCwww+heortUFxEJYcRzosstTEBYQ=="],

    "denque": ["denque@2.1.0", "", {}, "sha512-HVQE3AAb/pxF8fQAoiqpvg9i3evqug3hoiwakOyZAwJm+6vZehbkYXZ0l4JxS+I3QxM97v5aaRNhj8v5oBhekw=="],

    "fast-redact": ["fast-redact@3.5.0", "", {}, "sha512-dwsoQlS7h9hMeYUq1W++23NDcBLV4KqONnITDV9DjfS3q1SgDGVrBdvvTLUotWtPSD7asWDV9/CmsZPy8Hf70A=="],

    "ioredis": ["ioredis@5.7.0", "", { "dependencies": { "@ioredis/commands": "^1.3.0", "cluster-key-slot": "^1.1.0", "debug": "^4.3.4", "denque": "^2.1.0", "lodash.defaults": "^4.2.0", "lodash.isarguments": "^3.1.0", "redis-errors": "^1.2.0", "redis-parser": "^3.0.0", "standard-as-callback": "^2.1.0" } }, "sha512-NUcA93i1lukyXU+riqEyPtSEkyFq8tX90uL659J+qpCZ3rEdViB/APC58oAhIh3+bJln2hzdlZbBZsGNrlsR8g=="],

    "lodash.defaults": ["lodash.defaults@4.2.0", "", {}, "sha512-qjxPLHd3r5DnsdGacqOMU6pb/avJzdh9tFX2ymgoZE27BmjXrNy/y4LoaiTeAb+O3gL8AfpJGtqfX/ae2leYYQ=="],

    "lodash.isarguments": ["lodash.isarguments@3.1.0", "", {}, "sha512-chi4NHZlZqZD18a0imDHnZPrDeBbTtVN7GXMwuGdRH9qotxAjYs3aVLKc7zNOG9eddR5Ksd8rvFEBc9SsggPpg=="],

    "lodash.merge": ["lodash.merge@4.6.2", "", {}, "sha512-0KpjqXRVvrYyCsX1swR/XTK0va6VQkQM6MNo7PqW77ByjAhoARA8EfrP1N4+KlKj8YS0ZUCtRT/YUuhyYDujIQ=="],

    "ms": ["ms@2.1.3", "", {}, "sha512-6FlzubTLZG3J2a/NVCAleEhjzq5oxgHyaCU9yYXvcLsvoVaHJq/s5xXI6/XXP6tz7R9xAOtHnSO/tXtF3WRTlA=="],

    "on-exit-leak-free": ["on-exit-leak-free@2.1.2", "", {}, "sha512-0eJJY6hXLGf1udHwfNftBqH+g73EU4B504nZeKpz1sYRKafAghwxEJunB2O7rDZkL4PGfsMVnTXZ2EjibbqcsA=="],

    "pg": ["pg@8.16.3", "", { "dependencies": { "pg-connection-string": "^2.9.1", "pg-pool": "^3.10.1", "pg-protocol": "^1.10.3", "pg-types": "2.2.0", "pgpass": "1.0.5" }, "optionalDependencies": { "pg-cloudflare": "^1.2.7" }, "peerDependencies": { "pg-native": ">=3.0.1" }, "optionalPeers": ["pg-native"] }, "sha512-enxc1h0jA/aq5oSDMvqyW3q89ra6XIIDZgCX9vkMrnz5DFTw/Ny3Li2lFQ+pt3L6MCgm/5o2o8HW9hiJji+xvw=="],

    "pg-cloudflare": ["pg-cloudflare@1.2.7", "", {}, "sha512-YgCtzMH0ptvZJslLM1ffsY4EuGaU0cx4XSdXLRFae8bPP4dS5xL1tNB3k2o/N64cHJpwU7dxKli/nZ2lUa5fLg=="],

    "pg-connection-string": ["pg-connection-string@2.9.1", "", {}, "sha512-nkc6NpDcvPVpZXxrreI/FOtX3XemeLl8E0qFr6F2Lrm/I8WOnaWNhIPK2Z7OHpw7gh5XJThi6j6ppgNoaT1w4w=="],

    "pg-int8": ["pg-int8@1.0.1", "", {}, "sha512-WCtabS6t3c8SkpDBUlb1kjOs7l66xsGdKpIPZsg4wR+B3+u9UAum2odSsF9tnvxg80h4ZxLWMy4pRjOsFIqQpw=="],

    "pg-pool": ["pg-pool@3.10.1", "", { "peerDependencies": { "pg": ">=8.0" } }, "sha512-Tu8jMlcX+9d8+QVzKIvM/uJtp07PKr82IUOYEphaWcoBhIYkoHpLXN3qO59nAI11ripznDsEzEv8nUxBVWajGg=="],

    "pg-protocol": ["pg-protocol@1.10.3", "", {}, "sha512-6DIBgBQaTKDJyxnXaLiLR8wBpQQcGWuAESkRBX/t6OwA8YsqP+iVSiond2EDy6Y/dsGk8rh/jtax3js5NeV7JQ=="],

    "pg-types": ["pg-types@2.2.0", "", { "dependencies": { "pg-int8": "1.0.1", "postgres-array": "~2.0.0", "postgres-bytea": "~1.0.0", "postgres-date": "~1.0.4", "postgres-interval": "^1.1.0" } }, "sha512-qTAAlrEsl8s4OiEQY69wDvcMIdQN6wdz5ojQiOy6YRMuynxenON0O5oCpJI6lshc6scgAY8qvJ2On/p+CXY0GA=="],

    "pgpass": ["pgpass@1.0.5", "", { "dependencies": { "split2": "^4.1.0" } }, "sha512-FdW9r/jQZhSeohs1Z3sI1yxFQNFvMcnmfuj4WBMUTxOrAyLMaTcE1aAMBiTlbMNaXvBCQuVi0R7hd8udDSP7ug=="],

    "pino": ["pino@9.7.0", "", { "dependencies": { "atomic-sleep": "^1.0.0", "fast-redact": "^3.1.1", "on-exit-leak-free": "^2.1.0", "pino-abstract-transport": "^2.0.0", "pino-std-serializers": "^7.0.0", "process-warning": "^5.0.0", "quick-format-unescaped": "^4.0.3", "real-require": "^0.2.0", "safe-stable-stringify": "^2.3.1", "sonic-boom": "^4.0.1", "thread-stream": "^3.0.0" }, "bin": { "pino": "bin.js" } }, "sha512-vnMCM6xZTb1WDmLvtG2lE/2p+t9hDEIvTWJsu6FejkE62vB7gDhvzrpFR4Cw2to+9JNQxVnkAKVPA1KPB98vWg=="],

    "pino-abstract-transport": ["pino-abstract-transport@2.0.0", "", { "dependencies": { "split2": "^4.0.0" } }, "sha512-F63x5tizV6WCh4R6RHyi2Ml+M70DNRXt/+HANowMflpgGFMAym/VKm6G7ZOQRjqN7XbGxK1Lg9t6ZrtzOaivMw=="],

    "pino-std-serializers": ["pino-std-serializers@7.0.0", "", {}, "sha512-e906FRY0+tV27iq4juKzSYPbUj2do2X2JX4EzSca1631EB2QJQUqGbDuERal7LCtOpxl6x3+nvo9NPZcmjkiFA=="],

    "postgres-array": ["postgres-array@2.0.0", "", {}, "sha512-VpZrUqU5A69eQyW2c5CA1jtLecCsN2U/bD6VilrFDWq5+5UIEVO7nazS3TEcHf1zuPYO/sqGvUvW62g86RXZuA=="],

    "postgres-bytea": ["postgres-bytea@1.0.0", "", {}, "sha512-xy3pmLuQqRBZBXDULy7KbaitYqLcmxigw14Q5sj8QBVLqEwXfeybIKVWiqAXTlcvdvb0+xkOtDbfQMOf4lST1w=="],

    "postgres-date": ["postgres-date@1.0.7", "", {}, "sha512-suDmjLVQg78nMK2UZ454hAG+OAW+HQPZ6n++TNDUX+L0+uUlLywnoxJKDou51Zm+zTCjrCl0Nq6J9C5hP9vK/Q=="],

    "postgres-interval": ["postgres-interval@1.2.0", "", { "dependencies": { "xtend": "^4.0.0" } }, "sha512-9ZhXKM/rw350N1ovuWHbGxnGh/SNJ4cnxHiM0rxE4VN41wsg8P8zWn9hv/buK00RP4WvlOyr/RBDiptyxVbkZQ=="],

    "prettier": ["prettier@3.6.2", "", { "bin": { "prettier": "bin/prettier.cjs" } }, "sha512-I7AIg5boAr5R0FFtJ6rCfD+LFsWHp81dolrFD8S79U9tb8Az2nGrJncnMSnys+bpQJfRUzqs9hnA81OAA3hCuQ=="],

    "process-warning": ["process-warning@5.0.0", "", {}, "sha512-a39t9ApHNx2L4+HBnQKqxxHNs1r7KF+Intd8Q/g1bUh6q0WIp9voPXJ/x0j+ZL45KF1pJd9+q2jLIRMfvEshkA=="],

    "quick-format-unescaped": ["quick-format-unescaped@4.0.4", "", {}, "sha512-tYC1Q1hgyRuHgloV/YXs2w15unPVh8qfu/qCTfhTYamaw7fyhumKa2yGpdSo87vY32rIclj+4fWYQXUMs9EHvg=="],

    "real-require": ["real-require@0.2.0", "", {}, "sha512-57frrGM/OCTLqLOAh0mhVA9VBMHd+9U7Zb2THMGdBUoZVOtGbJzjxsYGDJ3A9AYYCP4hn6y1TVbaOfzWtm5GFg=="],

    "redis-errors": ["redis-errors@1.2.0", "", {}, "sha512-1qny3OExCf0UvUV/5wpYKf2YwPcOqXzkwKKSmKHiE6ZMQs5heeE/c8eXK+PNllPvmjgAbfnsbpkGZWy8cBpn9w=="],

    "redis-parser": ["redis-parser@3.0.0", "", { "dependencies": { "redis-errors": "^1.0.0" } }, "sha512-DJnGAeenTdpMEH6uAJRK/uiyEIH9WVsUmoLwzudwGJUwZPp80PDBWPHXSAGNPwNvIXAbe7MSUB1zQFugFml66A=="],

    "safe-stable-stringify": ["safe-stable-stringify@2.5.0", "", {}, "sha512-b3rppTKm9T+PsVCBEOUR46GWI7fdOs00VKZ1+9c1EWDaDMvjQc6tUwuFyIprgGgTcWoVHSKrU8H31ZHA2e0RHA=="],

    "semver": ["semver@7.7.2", "", { "bin": { "semver": "bin/semver.js" } }, "sha512-RF0Fw+rO5AMf9MAyaRXI4AV0Ulj5lMHqVxxdSgiVbixSCXoEmmX/jk0CuJw4+3SqroYO9VoUh+HcuJivvtJemA=="],

    "sonic-boom": ["sonic-boom@4.2.0", "", { "dependencies": { "atomic-sleep": "^1.0.0" } }, "sha512-INb7TM37/mAcsGmc9hyyI6+QR3rR1zVRu36B0NeGXKnOOLiZOfER5SA+N7X7k3yUYRzLWafduTDvJAfDswwEww=="],

    "split2": ["split2@4.2.0", "", {}, "sha512-UcjcJOWknrNkF6PLX83qcHM6KHgVKNkV62Y8a5uYDVv9ydGQVwAHMKqHdJje1VTWpljG0WYpCDhrCdAOYH4TWg=="],

    "standard-as-callback": ["standard-as-callback@2.1.0", "", {}, "sha512-qoRRSyROncaz1z0mvYqIE4lCd9p2R90i6GxW3uZv5ucSu8tU7B5HXUP1gG8pVZsYNVaXjk8ClXHPttLyxAL48A=="],

    "thread-stream": ["thread-stream@3.1.0", "", { "dependencies": { "real-require": "^0.2.0" } }, "sha512-OqyPZ9u96VohAyMfJykzmivOrY2wfMSf3C5TtFJVgN+Hm6aj+voFhlK+kZEIv2FBh1X6Xp3DlnCOfEQ3B2J86A=="],

    "typescript": ["typescript@5.8.3", "", { "bin": { "tsc": "bin/tsc", "tsserver": "bin/tsserver" } }, "sha512-p1diW6TqL9L07nNxvRMM7hMMw4c5XOo/1ibL4aAIGmSAt9slTE1Xgw5KWuof2uTOvCg9BY7ZRi+GaF+7sfgPeQ=="],

    "undici-types": ["undici-types@7.8.0", "", {}, "sha512-9UJ2xGDvQ43tYyVMpuHlsgApydB8ZKfVYTsLDhXkFL/6gfkp+U8xTGdh8pMJv1SpZna0zxG1DwsKZsreLbXBxw=="],

    "xtend": ["xtend@4.0.2", "", {}, "sha512-LKYU1iAXJXUgAXn9URjiu+MWhyUXHsvfp7mcuYm9dSUKK0/CjtrUwFAxD82/mCWbtLsGjFIad0wIsod4zrTAEQ=="],

    "zod": ["zod@4.0.14", "", {}, "sha512-nGFJTnJN6cM2v9kXL+SOBq3AtjQby3Mv5ySGFof5UGRHrRioSJ5iG680cYNjE/yWk671nROcpPj4hAS8nyLhSw=="],

    "@opentelemetry/sdk-metrics/@opentelemetry/core": ["@opentelemetry/core@2.0.1", "", { "dependencies": { "@opentelemetry/semantic-conventions": "^1.29.0" }, "peerDependencies": { "@opentelemetry/api": ">=1.0.0 <1.10.0" } }, "sha512-MaZk9SJIDgo1peKevlbhP6+IwIiNPNmswNL4AF0WaQJLbHXjr9SrZMgS12+iqr9ToV4ZVosCcc0f8Rg67LXjxw=="],

    "@opentelemetry/sdk-metrics/@opentelemetry/resources": ["@opentelemetry/resources@2.0.1", "", { "dependencies": { "@opentelemetry/core": "2.0.1", "@opentelemetry/semantic-conventions": "^1.29.0" }, "peerDependencies": { "@opentelemetry/api": ">=1.3.0 <1.10.0" } }, "sha512-dZOB3R6zvBwDKnHDTB4X1xtMArB/d324VsbiPkX/Yu0Q8T2xceRthoIVFhJdvgVM2QhGVUyX9tzwiNxGtoBJUw=="],

    "@opentelemetry/sdk-metrics/@opentelemetry/core/@opentelemetry/semantic-conventions": ["@opentelemetry/semantic-conventions@1.36.0", "", {}, "sha512-TtxJSRD8Ohxp6bKkhrm27JRHAxPczQA7idtcTOMYI+wQRRrfgqxHv1cFbCApcSnNjtXkmzFozn6jQtFrOmbjPQ=="],

    "@opentelemetry/sdk-metrics/@opentelemetry/resources/@opentelemetry/semantic-conventions": ["@opentelemetry/semantic-conventions@1.36.0", "", {}, "sha512-TtxJSRD8Ohxp6bKkhrm27JRHAxPczQA7idtcTOMYI+wQRRrfgqxHv1cFbCApcSnNjtXkmzFozn6jQtFrOmbjPQ=="],
  }
}
